
Microsoft Visual Studio Solution File, Format Version 12.00
# Visual Studio Version 16
VisualStudioVersion = 16.0.29418.71
MinimumVisualStudioVersion = 10.0.40219.1
Project("{FAE04EC0-301F-11D3-BF4B-00C04F79EFBC}") = "Lab_15", "Lab_15\Lab_15.csproj", "{8D106D05-1222-414C-BF6F-33D53E2B723F}"
EndProject
Global
	GlobalSection(SolutionConfigurationPlatforms) = preSolution
		Debug|Any CPU = Debug|Any CPU
		Release|Any CPU = Release|Any CPU
	EndGlobalSection
	GlobalSection(ProjectConfigurationPlatforms) = postSolution
		{8D106D05-1222-414C-BF6F-33D53E2B723F}.Debug|Any CPU.ActiveCfg = Debug|Any CPU
		{8D106D05-1222-414C-BF6F-33D53E2B723F}.Debug|Any CPU.Build.0 = Debug|Any CPU
		{8D106D05-1222-414C-BF6F-33D53E2B723F}.Release|Any CPU.ActiveCfg = Release|Any CPU
		{8D106D05-1222-414C-BF6F-33D53E2B723F}.Release|Any CPU.Build.0 = Release|Any CPU
	EndGlobalSection
	GlobalSection(SolutionProperties) = preSolution
		HideSolutionNode = FALSE
	EndGlobalSection
	GlobalSection(ExtensibilityGlobals) = postSolution
		SolutionGuid = {8C32C84B-C087-4B99-BCC5-B0C4A7D7ECE3}
	EndGlobalSection
EndGlobal
